
Microsoft Visual Studio Solution File, Format Version 12.00
# Visual Studio Version 17
VisualStudioVersion = 17.0.32014.148
MinimumVisualStudioVersion = 10.0.40219.1
Project("{FAE04EC0-301F-11D3-BF4B-00C04F79EFBC}") = "ConsoleAppOlaMundo", "ConsoleAppOlaMundo\ConsoleAppOlaMundo.csproj", "{2E30369E-303D-4BC6-A0A9-6996FF500161}"
EndProject
Global
	GlobalSection(SolutionConfigurationPlatforms) = preSolution
		Debug|Any CPU = Debug|Any CPU
		Release|Any CPU = Release|Any CPU
	EndGlobalSection
	GlobalSection(ProjectConfigurationPlatforms) = postSolution
		{2E30369E-303D-4BC6-A0A9-6996FF500161}.Debug|Any CPU.ActiveCfg = Debug|Any CPU
		{2E30369E-303D-4BC6-A0A9-6996FF500161}.Debug|Any CPU.Build.0 = Debug|Any CPU
		{2E30369E-303D-4BC6-A0A9-6996FF500161}.Release|Any CPU.ActiveCfg = Release|Any CPU
		{2E30369E-303D-4BC6-A0A9-6996FF500161}.Release|Any CPU.Build.0 = Release|Any CPU
	EndGlobalSection
	GlobalSection(SolutionProperties) = preSolution
		HideSolutionNode = FALSE
	EndGlobalSection
	GlobalSection(ExtensibilityGlobals) = postSolution
		SolutionGuid = {0DA81053-7E05-4950-9C4F-9E93ECB656B3}
	EndGlobalSection
EndGlobal
